{
  "object": {
    "pins": [
      {
        "package": "FMDB",
        "repositoryURL": "https://github.com/ccgus/fmdb",
        "state": {
          "branch": null,
          "revision": "61e51fde7f7aab6554f30ab061cc588b28a97d04",
          "version": "2.7.7"
        }
      },
      {
        "package": "Core",
        "repositoryURL": "https://github.com/ecosia/ios-core.git",
        "state": {
          "branch": null,
          "revision": "95fd1b7a9fe22af8d06754d8143f485edb79b4bb",
          "version": "4.3.1"
        }
      },
      {
        "package": "SnowplowTracker",
        "repositoryURL": "https://github.com/snowplow/snowplow-objc-tracker.git",
        "state": {
          "branch": null,
          "revision": "5c3f00d9f9168a7089e5075f45ddfc27cb4c1582",
          "version": "1.6.2"
        }
      }
    ]
  },
  "version": 1
}
